
Microsoft Visual Studio Solution File, Format Version 12.00
# Visual Studio Version 17
VisualStudioVersion = 17.1.32407.343
MinimumVisualStudioVersion = 10.0.40219.1
Project("{FAE04EC0-301F-11D3-BF4B-00C04F79EFBC}") = "Sort Numbers", "Basic Syntax, Conditional Statements and Loops - More Exercise\Sort Numbers.csproj", "{C9FD978D-AC13-44A0-805C-426B694851DC}"
EndProject
Project("{FAE04EC0-301F-11D3-BF4B-00C04F79EFBC}") = "Last Digit Name", "Last Digit Name\Last Digit Name.csproj", "{B635548F-00AB-4C01-A060-30DFE21BC442}"
EndProject
Project("{FAE04EC0-301F-11D3-BF4B-00C04F79EFBC}") = "Gaming Store", "Gaming Store\Gaming Store.csproj", "{2C1A487A-2157-461D-9DD3-4B5584987F61}"
EndProject
Project("{FAE04EC0-301F-11D3-BF4B-00C04F79EFBC}") = "Reverse String", "Reverse String\Reverse String.csproj", "{7D370BC5-2C8B-4E6F-A9E5-153843452878}"
EndProject
Project("{FAE04EC0-301F-11D3-BF4B-00C04F79EFBC}") = "Messages", "Messages\Messages.csproj", "{0D1CD547-455F-44E9-A67E-7DB9BB9576B9}"
EndProject
Global
	GlobalSection(SolutionConfigurationPlatforms) = preSolution
		Debug|Any CPU = Debug|Any CPU
		Release|Any CPU = Release|Any CPU
	EndGlobalSection
	GlobalSection(ProjectConfigurationPlatforms) = postSolution
		{C9FD978D-AC13-44A0-805C-426B694851DC}.Debug|Any CPU.ActiveCfg = Debug|Any CPU
		{C9FD978D-AC13-44A0-805C-426B694851DC}.Debug|Any CPU.Build.0 = Debug|Any CPU
		{C9FD978D-AC13-44A0-805C-426B694851DC}.Release|Any CPU.ActiveCfg = Release|Any CPU
		{C9FD978D-AC13-44A0-805C-426B694851DC}.Release|Any CPU.Build.0 = Release|Any CPU
		{B635548F-00AB-4C01-A060-30DFE21BC442}.Debug|Any CPU.ActiveCfg = Debug|Any CPU
		{B635548F-00AB-4C01-A060-30DFE21BC442}.Debug|Any CPU.Build.0 = Debug|Any CPU
		{B635548F-00AB-4C01-A060-30DFE21BC442}.Release|Any CPU.ActiveCfg = Release|Any CPU
		{B635548F-00AB-4C01-A060-30DFE21BC442}.Release|Any CPU.Build.0 = Release|Any CPU
		{2C1A487A-2157-461D-9DD3-4B5584987F61}.Debug|Any CPU.ActiveCfg = Debug|Any CPU
		{2C1A487A-2157-461D-9DD3-4B5584987F61}.Debug|Any CPU.Build.0 = Debug|Any CPU
		{2C1A487A-2157-461D-9DD3-4B5584987F61}.Release|Any CPU.ActiveCfg = Release|Any CPU
		{2C1A487A-2157-461D-9DD3-4B5584987F61}.Release|Any CPU.Build.0 = Release|Any CPU
		{7D370BC5-2C8B-4E6F-A9E5-153843452878}.Debug|Any CPU.ActiveCfg = Debug|Any CPU
		{7D370BC5-2C8B-4E6F-A9E5-153843452878}.Debug|Any CPU.Build.0 = Debug|Any CPU
		{7D370BC5-2C8B-4E6F-A9E5-153843452878}.Release|Any CPU.ActiveCfg = Release|Any CPU
		{7D370BC5-2C8B-4E6F-A9E5-153843452878}.Release|Any CPU.Build.0 = Release|Any CPU
		{0D1CD547-455F-44E9-A67E-7DB9BB9576B9}.Debug|Any CPU.ActiveCfg = Debug|Any CPU
		{0D1CD547-455F-44E9-A67E-7DB9BB9576B9}.Debug|Any CPU.Build.0 = Debug|Any CPU
		{0D1CD547-455F-44E9-A67E-7DB9BB9576B9}.Release|Any CPU.ActiveCfg = Release|Any CPU
		{0D1CD547-455F-44E9-A67E-7DB9BB9576B9}.Release|Any CPU.Build.0 = Release|Any CPU
	EndGlobalSection
	GlobalSection(SolutionProperties) = preSolution
		HideSolutionNode = FALSE
	EndGlobalSection
	GlobalSection(ExtensibilityGlobals) = postSolution
		SolutionGuid = {5AA9292D-90E3-4686-AB2B-24409266B79D}
	EndGlobalSection
EndGlobal
