
Microsoft Visual Studio Solution File, Format Version 12.00
# Visual Studio Version 17
VisualStudioVersion = 17.1.32407.343
MinimumVisualStudioVersion = 10.0.40219.1
Project("{FAE04EC0-301F-11D3-BF4B-00C04F79EFBC}") = "Activation Keys", "05. Programming Fundamentals Final Exam\Activation Keys.csproj", "{DB74DA3C-D0F3-4344-AE8C-85D1D05F3E81}"
EndProject
Project("{FAE04EC0-301F-11D3-BF4B-00C04F79EFBC}") = "Emoji Detector", "Emoji Detector\Emoji Detector.csproj", "{E1BC76EC-B3B7-4E5E-A268-A9333BF69DF9}"
EndProject
Project("{FAE04EC0-301F-11D3-BF4B-00C04F79EFBC}") = "P!rates", "P!rates\P!rates.csproj", "{69A4F1DC-DBC0-4947-AF84-DA91E0621D8D}"
EndProject
Global
	GlobalSection(SolutionConfigurationPlatforms) = preSolution
		Debug|Any CPU = Debug|Any CPU
		Release|Any CPU = Release|Any CPU
	EndGlobalSection
	GlobalSection(ProjectConfigurationPlatforms) = postSolution
		{DB74DA3C-D0F3-4344-AE8C-85D1D05F3E81}.Debug|Any CPU.ActiveCfg = Debug|Any CPU
		{DB74DA3C-D0F3-4344-AE8C-85D1D05F3E81}.Debug|Any CPU.Build.0 = Debug|Any CPU
		{DB74DA3C-D0F3-4344-AE8C-85D1D05F3E81}.Release|Any CPU.ActiveCfg = Release|Any CPU
		{DB74DA3C-D0F3-4344-AE8C-85D1D05F3E81}.Release|Any CPU.Build.0 = Release|Any CPU
		{E1BC76EC-B3B7-4E5E-A268-A9333BF69DF9}.Debug|Any CPU.ActiveCfg = Debug|Any CPU
		{E1BC76EC-B3B7-4E5E-A268-A9333BF69DF9}.Debug|Any CPU.Build.0 = Debug|Any CPU
		{E1BC76EC-B3B7-4E5E-A268-A9333BF69DF9}.Release|Any CPU.ActiveCfg = Release|Any CPU
		{E1BC76EC-B3B7-4E5E-A268-A9333BF69DF9}.Release|Any CPU.Build.0 = Release|Any CPU
		{69A4F1DC-DBC0-4947-AF84-DA91E0621D8D}.Debug|Any CPU.ActiveCfg = Debug|Any CPU
		{69A4F1DC-DBC0-4947-AF84-DA91E0621D8D}.Debug|Any CPU.Build.0 = Debug|Any CPU
		{69A4F1DC-DBC0-4947-AF84-DA91E0621D8D}.Release|Any CPU.ActiveCfg = Release|Any CPU
		{69A4F1DC-DBC0-4947-AF84-DA91E0621D8D}.Release|Any CPU.Build.0 = Release|Any CPU
	EndGlobalSection
	GlobalSection(SolutionProperties) = preSolution
		HideSolutionNode = FALSE
	EndGlobalSection
	GlobalSection(ExtensibilityGlobals) = postSolution
		SolutionGuid = {7F0207DC-06F4-487F-8E81-D770E746A79F}
	EndGlobalSection
EndGlobal
