
Microsoft Visual Studio Solution File, Format Version 12.00
# Visual Studio Version 17
VisualStudioVersion = 17.1.32407.343
MinimumVisualStudioVersion = 10.0.40219.1
Project("{9A19103F-16F7-4668-BE54-9A1E7A4F7556}") = "Messages", "Messages\Messages.csproj", "{92061DDB-D95E-4C65-833F-9F5636C19820}"
EndProject
Project("{9A19103F-16F7-4668-BE54-9A1E7A4F7556}") = "Car Race 1", "Car Race 1\Car Race 1.csproj", "{EE9D30CB-6257-45D6-9391-CCB50901D6FB}"
EndProject
Project("{9A19103F-16F7-4668-BE54-9A1E7A4F7556}") = "Take-Skip- Rope", "Take-Skip- Rope\Take-Skip- Rope.csproj", "{B8C4F442-5811-42DD-90B1-01EC017BCB9B}"
EndProject
Project("{9A19103F-16F7-4668-BE54-9A1E7A4F7556}") = "Mixed Up Lists", "Mixed Up Lists\Mixed Up Lists.csproj", "{B8346453-B25A-4325-A11A-3426D45A16D1}"
EndProject
Project("{FAE04EC0-301F-11D3-BF4B-00C04F79EFBC}") = "Drum Set", "Drum Set\Drum Set.csproj", "{49DF0696-F029-4B48-8D2B-B1048EF94923}"
EndProject
Global
	GlobalSection(SolutionConfigurationPlatforms) = preSolution
		Debug|Any CPU = Debug|Any CPU
		Release|Any CPU = Release|Any CPU
	EndGlobalSection
	GlobalSection(ProjectConfigurationPlatforms) = postSolution
		{92061DDB-D95E-4C65-833F-9F5636C19820}.Debug|Any CPU.ActiveCfg = Debug|Any CPU
		{92061DDB-D95E-4C65-833F-9F5636C19820}.Debug|Any CPU.Build.0 = Debug|Any CPU
		{92061DDB-D95E-4C65-833F-9F5636C19820}.Release|Any CPU.ActiveCfg = Release|Any CPU
		{92061DDB-D95E-4C65-833F-9F5636C19820}.Release|Any CPU.Build.0 = Release|Any CPU
		{EE9D30CB-6257-45D6-9391-CCB50901D6FB}.Debug|Any CPU.ActiveCfg = Debug|Any CPU
		{EE9D30CB-6257-45D6-9391-CCB50901D6FB}.Debug|Any CPU.Build.0 = Debug|Any CPU
		{EE9D30CB-6257-45D6-9391-CCB50901D6FB}.Release|Any CPU.ActiveCfg = Release|Any CPU
		{EE9D30CB-6257-45D6-9391-CCB50901D6FB}.Release|Any CPU.Build.0 = Release|Any CPU
		{B8C4F442-5811-42DD-90B1-01EC017BCB9B}.Debug|Any CPU.ActiveCfg = Debug|Any CPU
		{B8C4F442-5811-42DD-90B1-01EC017BCB9B}.Debug|Any CPU.Build.0 = Debug|Any CPU
		{B8C4F442-5811-42DD-90B1-01EC017BCB9B}.Release|Any CPU.ActiveCfg = Release|Any CPU
		{B8C4F442-5811-42DD-90B1-01EC017BCB9B}.Release|Any CPU.Build.0 = Release|Any CPU
		{B8346453-B25A-4325-A11A-3426D45A16D1}.Debug|Any CPU.ActiveCfg = Debug|Any CPU
		{B8346453-B25A-4325-A11A-3426D45A16D1}.Debug|Any CPU.Build.0 = Debug|Any CPU
		{B8346453-B25A-4325-A11A-3426D45A16D1}.Release|Any CPU.ActiveCfg = Release|Any CPU
		{B8346453-B25A-4325-A11A-3426D45A16D1}.Release|Any CPU.Build.0 = Release|Any CPU
		{49DF0696-F029-4B48-8D2B-B1048EF94923}.Debug|Any CPU.ActiveCfg = Debug|Any CPU
		{49DF0696-F029-4B48-8D2B-B1048EF94923}.Debug|Any CPU.Build.0 = Debug|Any CPU
		{49DF0696-F029-4B48-8D2B-B1048EF94923}.Release|Any CPU.ActiveCfg = Release|Any CPU
		{49DF0696-F029-4B48-8D2B-B1048EF94923}.Release|Any CPU.Build.0 = Release|Any CPU
	EndGlobalSection
	GlobalSection(SolutionProperties) = preSolution
		HideSolutionNode = FALSE
	EndGlobalSection
	GlobalSection(ExtensibilityGlobals) = postSolution
		SolutionGuid = {BB0D547D-84EC-4998-8241-250E2ADD7107}
	EndGlobalSection
EndGlobal
