
Microsoft Visual Studio Solution File, Format Version 12.00
# Visual Studio Version 17
VisualStudioVersion = 17.1.32407.343
MinimumVisualStudioVersion = 10.0.40219.1
Project("{9A19103F-16F7-4668-BE54-9A1E7A4F7556}") = "Text Processing -More Exercise", "Text Processing - More Exercise\Text Processing -More Exercise.csproj", "{E36E6797-44E3-44FF-A59C-E12C2A7852FD}"
EndProject
Project("{FAE04EC0-301F-11D3-BF4B-00C04F79EFBC}") = "Ascii Sumator", "Ascii Sumator\Ascii Sumator.csproj", "{8FBB635E-9BEC-448A-A3AA-CA77CBA314B7}"
EndProject
Project("{FAE04EC0-301F-11D3-BF4B-00C04F79EFBC}") = "Treasure Finder", "Treasure Finder\Treasure Finder.csproj", "{B69E2465-48B4-424F-90B4-8B3586AC18A9}"
EndProject
Project("{FAE04EC0-301F-11D3-BF4B-00C04F79EFBC}") = "Morse Code Translator", "Morse Code Translator\Morse Code Translator.csproj", "{C417BBC6-98EA-4DB9-B895-13399C9BF655}"
EndProject
Project("{FAE04EC0-301F-11D3-BF4B-00C04F79EFBC}") = "HTML", "HTML\HTML.csproj", "{38AB068E-0F33-4890-8DC7-F85584B1D6DB}"
EndProject
Global
	GlobalSection(SolutionConfigurationPlatforms) = preSolution
		Debug|Any CPU = Debug|Any CPU
		Release|Any CPU = Release|Any CPU
	EndGlobalSection
	GlobalSection(ProjectConfigurationPlatforms) = postSolution
		{E36E6797-44E3-44FF-A59C-E12C2A7852FD}.Debug|Any CPU.ActiveCfg = Debug|Any CPU
		{E36E6797-44E3-44FF-A59C-E12C2A7852FD}.Debug|Any CPU.Build.0 = Debug|Any CPU
		{E36E6797-44E3-44FF-A59C-E12C2A7852FD}.Release|Any CPU.ActiveCfg = Release|Any CPU
		{E36E6797-44E3-44FF-A59C-E12C2A7852FD}.Release|Any CPU.Build.0 = Release|Any CPU
		{8FBB635E-9BEC-448A-A3AA-CA77CBA314B7}.Debug|Any CPU.ActiveCfg = Debug|Any CPU
		{8FBB635E-9BEC-448A-A3AA-CA77CBA314B7}.Debug|Any CPU.Build.0 = Debug|Any CPU
		{8FBB635E-9BEC-448A-A3AA-CA77CBA314B7}.Release|Any CPU.ActiveCfg = Release|Any CPU
		{8FBB635E-9BEC-448A-A3AA-CA77CBA314B7}.Release|Any CPU.Build.0 = Release|Any CPU
		{B69E2465-48B4-424F-90B4-8B3586AC18A9}.Debug|Any CPU.ActiveCfg = Debug|Any CPU
		{B69E2465-48B4-424F-90B4-8B3586AC18A9}.Debug|Any CPU.Build.0 = Debug|Any CPU
		{B69E2465-48B4-424F-90B4-8B3586AC18A9}.Release|Any CPU.ActiveCfg = Release|Any CPU
		{B69E2465-48B4-424F-90B4-8B3586AC18A9}.Release|Any CPU.Build.0 = Release|Any CPU
		{C417BBC6-98EA-4DB9-B895-13399C9BF655}.Debug|Any CPU.ActiveCfg = Debug|Any CPU
		{C417BBC6-98EA-4DB9-B895-13399C9BF655}.Debug|Any CPU.Build.0 = Debug|Any CPU
		{C417BBC6-98EA-4DB9-B895-13399C9BF655}.Release|Any CPU.ActiveCfg = Release|Any CPU
		{C417BBC6-98EA-4DB9-B895-13399C9BF655}.Release|Any CPU.Build.0 = Release|Any CPU
		{38AB068E-0F33-4890-8DC7-F85584B1D6DB}.Debug|Any CPU.ActiveCfg = Debug|Any CPU
		{38AB068E-0F33-4890-8DC7-F85584B1D6DB}.Debug|Any CPU.Build.0 = Debug|Any CPU
		{38AB068E-0F33-4890-8DC7-F85584B1D6DB}.Release|Any CPU.ActiveCfg = Release|Any CPU
		{38AB068E-0F33-4890-8DC7-F85584B1D6DB}.Release|Any CPU.Build.0 = Release|Any CPU
	EndGlobalSection
	GlobalSection(SolutionProperties) = preSolution
		HideSolutionNode = FALSE
	EndGlobalSection
	GlobalSection(ExtensibilityGlobals) = postSolution
		SolutionGuid = {693A67FA-4D36-403B-A667-947A85A05F07}
	EndGlobalSection
EndGlobal
