
Microsoft Visual Studio Solution File, Format Version 12.00
# Visual Studio Version 17
VisualStudioVersion = 17.1.32407.343
MinimumVisualStudioVersion = 10.0.40219.1
Project("{FAE04EC0-301F-11D3-BF4B-00C04F79EFBC}") = "Longer line", "Methods more xercise\Longer line.csproj", "{41B8FC35-FB77-40DD-B53B-D1EFE69E223A}"
EndProject
Project("{FAE04EC0-301F-11D3-BF4B-00C04F79EFBC}") = "Data Types", "Data Types\Data Types.csproj", "{AFA6C3E4-6EE2-4B7D-AE4C-6DD7D3245A1F}"
EndProject
Project("{FAE04EC0-301F-11D3-BF4B-00C04F79EFBC}") = "Center Point", "Center Point\Center Point.csproj", "{75FD7ACE-B8D5-4890-9CE8-CCC744179A75}"
EndProject
Project("{FAE04EC0-301F-11D3-BF4B-00C04F79EFBC}") = "Tribonacci Sequence", "Tribonacci Sequence\Tribonacci Sequence.csproj", "{A4B6C92D-C379-4E54-9709-18D4B74DEE28}"
EndProject
Project("{FAE04EC0-301F-11D3-BF4B-00C04F79EFBC}") = "Multiplication Sign", "Multiplication Sign\Multiplication Sign.csproj", "{CE0E6F1D-4BCF-42CC-ADB7-962122E8ECF5}"
EndProject
Global
	GlobalSection(SolutionConfigurationPlatforms) = preSolution
		Debug|Any CPU = Debug|Any CPU
		Release|Any CPU = Release|Any CPU
	EndGlobalSection
	GlobalSection(ProjectConfigurationPlatforms) = postSolution
		{41B8FC35-FB77-40DD-B53B-D1EFE69E223A}.Debug|Any CPU.ActiveCfg = Debug|Any CPU
		{41B8FC35-FB77-40DD-B53B-D1EFE69E223A}.Debug|Any CPU.Build.0 = Debug|Any CPU
		{41B8FC35-FB77-40DD-B53B-D1EFE69E223A}.Release|Any CPU.ActiveCfg = Release|Any CPU
		{41B8FC35-FB77-40DD-B53B-D1EFE69E223A}.Release|Any CPU.Build.0 = Release|Any CPU
		{AFA6C3E4-6EE2-4B7D-AE4C-6DD7D3245A1F}.Debug|Any CPU.ActiveCfg = Debug|Any CPU
		{AFA6C3E4-6EE2-4B7D-AE4C-6DD7D3245A1F}.Debug|Any CPU.Build.0 = Debug|Any CPU
		{AFA6C3E4-6EE2-4B7D-AE4C-6DD7D3245A1F}.Release|Any CPU.ActiveCfg = Release|Any CPU
		{AFA6C3E4-6EE2-4B7D-AE4C-6DD7D3245A1F}.Release|Any CPU.Build.0 = Release|Any CPU
		{75FD7ACE-B8D5-4890-9CE8-CCC744179A75}.Debug|Any CPU.ActiveCfg = Debug|Any CPU
		{75FD7ACE-B8D5-4890-9CE8-CCC744179A75}.Debug|Any CPU.Build.0 = Debug|Any CPU
		{75FD7ACE-B8D5-4890-9CE8-CCC744179A75}.Release|Any CPU.ActiveCfg = Release|Any CPU
		{75FD7ACE-B8D5-4890-9CE8-CCC744179A75}.Release|Any CPU.Build.0 = Release|Any CPU
		{A4B6C92D-C379-4E54-9709-18D4B74DEE28}.Debug|Any CPU.ActiveCfg = Debug|Any CPU
		{A4B6C92D-C379-4E54-9709-18D4B74DEE28}.Debug|Any CPU.Build.0 = Debug|Any CPU
		{A4B6C92D-C379-4E54-9709-18D4B74DEE28}.Release|Any CPU.ActiveCfg = Release|Any CPU
		{A4B6C92D-C379-4E54-9709-18D4B74DEE28}.Release|Any CPU.Build.0 = Release|Any CPU
		{CE0E6F1D-4BCF-42CC-ADB7-962122E8ECF5}.Debug|Any CPU.ActiveCfg = Debug|Any CPU
		{CE0E6F1D-4BCF-42CC-ADB7-962122E8ECF5}.Debug|Any CPU.Build.0 = Debug|Any CPU
		{CE0E6F1D-4BCF-42CC-ADB7-962122E8ECF5}.Release|Any CPU.ActiveCfg = Release|Any CPU
		{CE0E6F1D-4BCF-42CC-ADB7-962122E8ECF5}.Release|Any CPU.Build.0 = Release|Any CPU
	EndGlobalSection
	GlobalSection(SolutionProperties) = preSolution
		HideSolutionNode = FALSE
	EndGlobalSection
	GlobalSection(ExtensibilityGlobals) = postSolution
		SolutionGuid = {D289C621-675B-41DD-A843-15977A2457BA}
	EndGlobalSection
EndGlobal
